
Microsoft Visual Studio Solution File, Format Version 12.00
# Visual Studio Version 17
VisualStudioVersion = 17.1.32414.318
MinimumVisualStudioVersion = 10.0.40219.1
Project("{FAE04EC0-301F-11D3-BF4B-00C04F79EFBC}") = "Client", "Client.csproj", "{5F5C1198-B8B2-412F-A330-CCB9B95267AA}"
EndProject
Global
	GlobalSection(SolutionConfigurationPlatforms) = preSolution
		Debug|Any CPU = Debug|Any CPU
		Release|Any CPU = Release|Any CPU
	EndGlobalSection
	GlobalSection(ProjectConfigurationPlatforms) = postSolution
		{5F5C1198-B8B2-412F-A330-CCB9B95267AA}.Debug|Any CPU.ActiveCfg = Debug|Any CPU
		{5F5C1198-B8B2-412F-A330-CCB9B95267AA}.Debug|Any CPU.Build.0 = Debug|Any CPU
		{5F5C1198-B8B2-412F-A330-CCB9B95267AA}.Release|Any CPU.ActiveCfg = Release|Any CPU
		{5F5C1198-B8B2-412F-A330-CCB9B95267AA}.Release|Any CPU.Build.0 = Release|Any CPU
	EndGlobalSection
	GlobalSection(SolutionProperties) = preSolution
		HideSolutionNode = FALSE
	EndGlobalSection
	GlobalSection(ExtensibilityGlobals) = postSolution
		SolutionGuid = {E9032126-E262-409D-8F32-1763287FDAD6}
	EndGlobalSection
EndGlobal
